dependencies:
- name: gateway
  repository: ""
  version: 0.9.0
- name: nginx-ingress-controller
  repository: https://charts.bitnami.com/bitnami
  version: 9.11.0
- name: postgresql
  repository: https://charts.bitnami.com/bitnami
  version: 13.4.4
- name: kuberay-operator
  repository: https://ray-project.github.io/kuberay-helm
  version: 1.1.0
digest: sha256:5bc4631a0bf8c81d4bd8d8dd4bd43cf2d1a767265f89e6bd5e7e4c75a5f45301
generated: "2024-03-27T16:33:12.591774053Z"
